
Microsoft Visual Studio Solution File, Format Version 12.00
# Visual Studio Version 17
VisualStudioVersion = 17.10.35122.118
MinimumVisualStudioVersion = 10.0.40219.1
Project("{9A19103F-16F7-4668-BE54-9A1E7A4F7556}") = "RabbitMQLibary", "..\RabbitMQLibary\RabbitMQLibary.csproj", "{647CF9AC-872A-4AC9-9922-C459878FE33F}"
EndProject
Project("{9A19103F-16F7-4668-BE54-9A1E7A4F7556}") = "FA.Automation.MessageBus", "..\FA.Automation.MessageBus\FA.Automation.MessageBus.csproj", "{1343C941-59E5-4C7A-A660-EFD93DF15E13}"
EndProject
Project("{9A19103F-16F7-4668-BE54-9A1E7A4F7556}") = "Simulator", "Simulator.csproj", "{C19EFEDF-3187-403A-A23B-EB416A058BCF}"
EndProject
Global
	GlobalSection(SolutionConfigurationPlatforms) = preSolution
		Debug|Any CPU = Debug|Any CPU
		Release|Any CPU = Release|Any CPU
	EndGlobalSection
	GlobalSection(ProjectConfigurationPlatforms) = postSolution
		{647CF9AC-872A-4AC9-9922-C459878FE33F}.Debug|Any CPU.ActiveCfg = Debug|Any CPU
		{647CF9AC-872A-4AC9-9922-C459878FE33F}.Debug|Any CPU.Build.0 = Debug|Any CPU
		{647CF9AC-872A-4AC9-9922-C459878FE33F}.Release|Any CPU.ActiveCfg = Release|Any CPU
		{647CF9AC-872A-4AC9-9922-C459878FE33F}.Release|Any CPU.Build.0 = Release|Any CPU
		{1343C941-59E5-4C7A-A660-EFD93DF15E13}.Debug|Any CPU.ActiveCfg = Debug|Any CPU
		{1343C941-59E5-4C7A-A660-EFD93DF15E13}.Debug|Any CPU.Build.0 = Debug|Any CPU
		{1343C941-59E5-4C7A-A660-EFD93DF15E13}.Release|Any CPU.ActiveCfg = Release|Any CPU
		{1343C941-59E5-4C7A-A660-EFD93DF15E13}.Release|Any CPU.Build.0 = Release|Any CPU
		{C19EFEDF-3187-403A-A23B-EB416A058BCF}.Debug|Any CPU.ActiveCfg = Debug|Any CPU
		{C19EFEDF-3187-403A-A23B-EB416A058BCF}.Debug|Any CPU.Build.0 = Debug|Any CPU
		{C19EFEDF-3187-403A-A23B-EB416A058BCF}.Release|Any CPU.ActiveCfg = Release|Any CPU
		{C19EFEDF-3187-403A-A23B-EB416A058BCF}.Release|Any CPU.Build.0 = Release|Any CPU
	EndGlobalSection
	GlobalSection(SolutionProperties) = preSolution
		HideSolutionNode = FALSE
	EndGlobalSection
	GlobalSection(ExtensibilityGlobals) = postSolution
		SolutionGuid = {15919641-5260-4F1C-BD0C-28F3979A2F20}
	EndGlobalSection
EndGlobal
